// !$*UTF8*$!
{
	archiveVersion = 1;
	classes = {
	};
	objectVersion = 56;
	objects = {

/* Begin PBXBuildFile section */
		1818E8202B3EFE9400515A29 /* todoappApp.swift in Sources */ = {isa = PBXBuildFile; fileRef = 1818E81F2B3EFE9400515A29 /* todoappApp.swift */; };
		1818E8222B3EFE9400515A29 /* ContentView.swift in Sources */ = {isa = PBXBuildFile; fileRef = 1818E8212B3EFE9400515A29 /* ContentView.swift */; };
		1818E8242B3EFE9500515A29 /* Assets.xcassets in Resources */ = {isa = PBXBuildFile; fileRef = 1818E8232B3EFE9500515A29 /* Assets.xcassets */; };
		1818E8282B3EFE9500515A29 /* Preview Assets.xcassets in Resources */ = {isa = PBXBuildFile; fileRef = 1818E8272B3EFE9500515A29 /* Preview Assets.xcassets */; };
		1818E8322B3EFE9500515A29 /* todoappTests.swift in Sources */ = {isa = PBXBuildFile; fileRef = 1818E8312B3EFE9500515A29 /* todoappTests.swift */; };
		1818E83C2B3EFE9500515A29 /* todoappUITests.swift in Sources */ = {isa = PBXBuildFile; fileRef = 1818E83B2B3EFE9500515A29 /* todoappUITests.swift */; };
		1818E83E2B3EFE9500515A29 /* todoappUITestsLaunchTests.swift in Sources */ = {isa = PBXBuildFile; fileRef = 1818E83D2B3EFE9500515A29 /* todoappUITestsLaunchTests.swift */; };
/* End PBXBuildFile section */

/* Begin PBXContainerItemProxy section */
		1818E82E2B3EFE9500515A29 /* PBXContainerItemProxy */ = {
			isa = PBXContainerItemProxy;
			containerPortal = 1818E8142B3EFE9400515A29 /* Project object */;
			proxyType = 1;
			remoteGlobalIDString = 1818E81B2B3EFE9400515A29;
			remoteInfo = todoapp;
		};
		1818E8382B3EFE9500515A29 /* PBXContainerItemProxy */ = {
			isa = PBXContainerItemProxy;
			containerPortal = 1818E8142B3EFE9400515A29 /* Project object */;
			proxyType = 1;
			remoteGlobalIDString = 1818E81B2B3EFE9400515A29;
			remoteInfo = todoapp;
		};
/* End PBXContainerItemProxy section */

/* Begin PBXFileReference section */
		1818E81C2B3EFE9400515A29 /* todoapp.app */ = {isa = PBXFileReference; explicitFileType = wrapper.application; includeInIndex = 0; path = todoapp.app; sourceTree = BUILT_PRODUCTS_DIR; };
		1818E81F2B3EFE9400515A29 /* todoappApp.swift */ = {isa = PBXFileReference; lastKnownFileType = sourcecode.swift; path = todoappApp.swift; sourceTree = "<group>"; };
		1818E8212B3EFE9400515A29 /* ContentView.swift */ = {isa = PBXFileReference; lastKnownFileType = sourcecode.swift; path = ContentView.swift; sourceTree = "<group>"; };
		1818E8232B3EFE9500515A29 /* Assets.xcassets */ = {isa = PBXFileReference; lastKnownFileType = folder.assetcatalog; path = Assets.xcassets; sourceTree = "<group>"; };
		1818E8252B3EFE9500515A29 /* todoapp.entitlements */ = {isa = PBXFileReference; lastKnownFileType = text.plist.entitlements; path = todoapp.entitlements; sourceTree = "<group>"; };
		1818E8272B3EFE9500515A29 /* Preview Assets.xcassets */ = {isa = PBXFileReference; lastKnownFileType = folder.assetcatalog; path = "Preview Assets.xcassets"; sourceTree = "<group>"; };
		1818E82D2B3EFE9500515A29 /* todoappTests.xctest */ = {isa = PBXFileReference; explicitFileType = wrapper.cfbundle; includeInIndex = 0; path = todoappTests.xctest; sourceTree = BUILT_PRODUCTS_DIR; };
		1818E8312B3EFE9500515A29 /* todoappTests.swift */ = {isa = PBXFileReference; lastKnownFileType = sourcecode.swift; path = todoappTests.swift; sourceTree = "<group>"; };
		1818E8372B3EFE9500515A29 /* todoappUITests.xctest */ = {isa = PBXFileReference; explicitFileType = wrapper.cfbundle; includeInIndex = 0; path = todoappUITests.xctest; sourceTree = BUILT_PRODUCTS_DIR; };
		1818E83B2B3EFE9500515A29 /* todoappUITests.swift */ = {isa = PBXFileReference; lastKnownFileType = sourcecode.swift; path = todoappUITests.swift; sourceTree = "<group>"; };
		1818E83D2B3EFE9500515A29 /* todoappUITestsLaunchTests.swift */ = {isa = PBXFileReference; lastKnownFileType = sourcecode.swift; path = todoappUITestsLaunchTests.swift; sourceTree = "<group>"; };
/* End PBXFileReference section */

/* Begin PBXFrameworksBuildPhase section */
		1818E8192B3EFE9400515A29 /* Frameworks */ = {
			isa = PBXFrameworksBuildPhase;
			buildActionMask = 2147483647;
			files = (
			);
			runOnlyForDeploymentPostprocessing = 0;
		};
		1818E82A2B3EFE9500515A29 /* Frameworks */ = {
			isa = PBXFrameworksBuildPhase;
			buildActionMask = 2147483647;
			files = (
			);
			runOnlyForDeploymentPostprocessing = 0;
		};
		1818E8342B3EFE9500515A29 /* Frameworks */ = {
			isa = PBXFrameworksBuildPhase;
			buildActionMask = 2147483647;
			files = (
			);
			runOnlyForDeploymentPostprocessing = 0;
		};
/* End PBXFrameworksBuildPhase section */

/* Begin PBXGroup section */
		1818E8132B3EFE9400515A29 = {
			isa = PBXGroup;
			children = (
				1818E81E2B3EFE9400515A29 /* todoapp */,
				1818E8302B3EFE9500515A29 /* todoappTests */,
				1818E83A2B3EFE9500515A29 /* todoappUITests */,
				1818E81D2B3EFE9400515A29 /* Products */,
			);
			sourceTree = "<group>";
		};
		1818E81D2B3EFE9400515A29 /* Products */ = {
			isa = PBXGroup;
			children = (
				1818E81C2B3EFE9400515A29 /* todoapp.app */,
				1818E82D2B3EFE9500515A29 /* todoappTests.xctest */,
				1818E8372B3EFE9500515A29 /* todoappUITests.xctest */,
			);
			name = Products;
			sourceTree = "<group>";
		};
		1818E81E2B3EFE9400515A29 /* todoapp */ = {
			isa = PBXGroup;
			children = (
				1818E81F2B3EFE9400515A29 /* todoappApp.swift */,
				1818E8212B3EFE9400515A29 /* ContentView.swift */,
				1818E8232B3EFE9500515A29 /* Assets.xcassets */,
				1818E8252B3EFE9500515A29 /* todoapp.entitlements */,
				1818E8262B3EFE9500515A29 /* Preview Content */,
			);
			path = todoapp;
			sourceTree = "<group>";
		};
		1818E8262B3EFE9500515A29 /* Preview Content */ = {
			isa = PBXGroup;
			children = (
				1818E8272B3EFE9500515A29 /* Preview Assets.xcassets */,
			);
			path = "Preview Content";
			sourceTree = "<group>";
		};
		1818E8302B3EFE9500515A29 /* todoappTests */ = {
			isa = PBXGroup;
			children = (
				1818E8312B3EFE9500515A29 /* todoappTests.swift */,
			);
			path = todoappTests;
			sourceTree = "<group>";
		};
		1818E83A2B3EFE9500515A29 /* todoappUITests */ = {
			isa = PBXGroup;
			children = (
				1818E83B2B3EFE9500515A29 /* todoappUITests.swift */,
				1818E83D2B3EFE9500515A29 /* todoappUITestsLaunchTests.swift */,
			);
			path = todoappUITests;
			sourceTree = "<group>";
		};
/* End PBXGroup section */

/* Begin PBXNativeTarget section */
		1818E81B2B3EFE9400515A29 /* todoapp */ = {
			isa = PBXNativeTarget;
			buildConfigurationList = 1818E8412B3EFE9500515A29 /* Build configuration list for PBXNativeTarget "todoapp" */;
			buildPhases = (
				1818E8182B3EFE9400515A29 /* Sources */,
				1818E8192B3EFE9400515A29 /* Frameworks */,
				1818E81A2B3EFE9400515A29 /* Resources */,
			);
			buildRules = (
			);
			dependencies = (
			);
			name = todoapp;
			productName = todoapp;
			productReference = 1818E81C2B3EFE9400515A29 /* todoapp.app */;
			productType = "com.apple.product-type.application";
		};
		1818E82C2B3EFE9500515A29 /* todoappTests */ = {
			isa = PBXNativeTarget;
			buildConfigurationList = 1818E8442B3EFE9500515A29 /* Build configuration list for PBXNativeTarget "todoappTests" */;
			buildPhases = (
				1818E8292B3EFE9500515A29 /* Sources */,
				1818E82A2B3EFE9500515A29 /* Frameworks */,
				1818E82B2B3EFE9500515A29 /* Resources */,
			);
			buildRules = (
			);
			dependencies = (
				1818E82F2B3EFE9500515A29 /* PBXTargetDependency */,
			);
			name = todoappTests;
			productName = todoappTests;
			productReference = 1818E82D2B3EFE9500515A29 /* todoappTests.xctest */;
			productType = "com.apple.product-type.bundle.unit-test";
		};
		1818E8362B3EFE9500515A29 /* todoappUITests */ = {
			isa = PBXNativeTarget;
			buildConfigurationList = 1818E8472B3EFE9500515A29 /* Build configuration list for PBXNativeTarget "todoappUITests" */;
			buildPhases = (
				1818E8332B3EFE9500515A29 /* Sources */,
				1818E8342B3EFE9500515A29 /* Frameworks */,
				1818E8352B3EFE9500515A29 /* Resources */,
			);
			buildRules = (
			);
			dependencies = (
				1818E8392B3EFE9500515A29 /* PBXTargetDependency */,
			);
			name = todoappUITests;
			productName = todoappUITests;
			productReference = 1818E8372B3EFE9500515A29 /* todoappUITests.xctest */;
			productType = "com.apple.product-type.bundle.ui-testing";
		};
/* End PBXNativeTarget section */

/* Begin PBXProject section */
		1818E8142B3EFE9400515A29 /* Project object */ = {
			isa = PBXProject;
			attributes = {
				BuildIndependentTargetsInParallel = 1;
				LastSwiftUpdateCheck = 1500;
				LastUpgradeCheck = 1500;
				TargetAttributes = {
					1818E81B2B3EFE9400515A29 = {
						CreatedOnToolsVersion = 15.0;
					};
					1818E82C2B3EFE9500515A29 = {
						CreatedOnToolsVersion = 15.0;
						TestTargetID = 1818E81B2B3EFE9400515A29;
					};
					1818E8362B3EFE9500515A29 = {
						CreatedOnToolsVersion = 15.0;
						TestTargetID = 1818E81B2B3EFE9400515A29;
					};
				};
			};
			buildConfigurationList = 1818E8172B3EFE9400515A29 /* Build configuration list for PBXProject "todoapp" */;
			compatibilityVersion = "Xcode 14.0";
			developmentRegion = en;
			hasScannedForEncodings = 0;
			knownRegions = (
				en,
				Base,
			);
			mainGroup = 1818E8132B3EFE9400515A29;
			productRefGroup = 1818E81D2B3EFE9400515A29 /* Products */;
			projectDirPath = "";
			projectRoot = "";
			targets = (
				1818E81B2B3EFE9400515A29 /* todoapp */,
				1818E82C2B3EFE9500515A29 /* todoappTests */,
				1818E8362B3EFE9500515A29 /* todoappUITests */,
			);
		};
/* End PBXProject section */

/* Begin PBXResourcesBuildPhase section */
		1818E81A2B3EFE9400515A29 /* Resources */ = {
			isa = PBXResourcesBuildPhase;
			buildActionMask = 2147483647;
			files = (
				1818E8282B3EFE9500515A29 /* Preview Assets.xcassets in Resources */,
				1818E8242B3EFE9500515A29 /* Assets.xcassets in Resources */,
			);
			runOnlyForDeploymentPostprocessing = 0;
		};
		1818E82B2B3EFE9500515A29 /* Resources */ = {
			isa = PBXResourcesBuildPhase;
			buildActionMask = 2147483647;
			files = (
			);
			runOnlyForDeploymentPostprocessing = 0;
		};
		1818E8352B3EFE9500515A29 /* Resources */ = {
			isa = PBXResourcesBuildPhase;
			buildActionMask = 2147483647;
			files = (
			);
			runOnlyForDeploymentPostprocessing = 0;
		};
/* End PBXResourcesBuildPhase section */

/* Begin PBXSourcesBuildPhase section */
		1818E8182B3EFE9400515A29 /* Sources */ = {
			isa = PBXSourcesBuildPhase;
			buildActionMask = 2147483647;
			files = (
				1818E8222B3EFE9400515A29 /* ContentView.swift in Sources */,
				1818E8202B3EFE9400515A29 /* todoappApp.swift in Sources */,
			);
			runOnlyForDeploymentPostprocessing = 0;
		};
		1818E8292B3EFE9500515A29 /* Sources */ = {
			isa = PBXSourcesBuildPhase;
			buildActionMask = 2147483647;
			files = (
				1818E8322B3EFE9500515A29 /* todoappTests.swift in Sources */,
			);
			runOnlyForDeploymentPostprocessing = 0;
		};
		1818E8332B3EFE9500515A29 /* Sources */ = {
			isa = PBXSourcesBuildPhase;
			buildActionMask = 2147483647;
			files = (
				1818E83E2B3EFE9500515A29 /* todoappUITestsLaunchTests.swift in Sources */,
				1818E83C2B3EFE9500515A29 /* todoappUITests.swift in Sources */,
			);
			runOnlyForDeploymentPostprocessing = 0;
		};
/* End PBXSourcesBuildPhase section */

/* Begin PBXTargetDependency section */
		1818E82F2B3EFE9500515A29 /* PBXTargetDependency */ = {
			isa = PBXTargetDependency;
			target = 1818E81B2B3EFE9400515A29 /* todoapp */;
			targetProxy = 1818E82E2B3EFE9500515A29 /* PBXContainerItemProxy */;
		};
		1818E8392B3EFE9500515A29 /* PBXTargetDependency */ = {
			isa = PBXTargetDependency;
			target = 1818E81B2B3EFE9400515A29 /* todoapp */;
			targetProxy = 1818E8382B3EFE9500515A29 /* PBXContainerItemProxy */;
		};
/* End PBXTargetDependency section */

/* Begin XCBuildConfiguration section */
		1818E83F2B3EFE9500515A29 /* Debug */ = {
			isa = XCBuildConfiguration;
			buildSettings = {
				ALWAYS_SEARCH_USER_PATHS = NO;
				ASSETCATALOG_COMPILER_GENERATE_SWIFT_ASSET_SYMBOL_EXTENSIONS = YES;
				CLANG_ANALYZER_NONNULL = YES;
				CLANG_ANALYZER_NUMBER_OBJECT_CONVERSION = YES_AGGRESSIVE;
				CLANG_CXX_LANGUAGE_STANDARD = "gnu++20";
				CLANG_ENABLE_MODULES = YES;
				CLANG_ENABLE_OBJC_ARC = YES;
				CLANG_ENABLE_OBJC_WEAK = YES;
				CLANG_WARN_BLOCK_CAPTURE_AUTORELEASING = YES;
				CLANG_WARN_BOOL_CONVERSION = YES;
				CLANG_WARN_COMMA = YES;
				CLANG_WARN_CONSTANT_CONVERSION = YES;
				CLANG_WARN_DEPRECATED_OBJC_IMPLEMENTATIONS = YES;
				CLANG_WARN_DIRECT_OBJC_ISA_USAGE = YES_ERROR;
				CLANG_WARN_DOCUMENTATION_COMMENTS = YES;
				CLANG_WARN_EMPTY_BODY = YES;
				CLANG_WARN_ENUM_CONVERSION = YES;
				CLANG_WARN_INFINITE_RECURSION = YES;
				CLANG_WARN_INT_CONVERSION = YES;
				CLANG_WARN_NON_LITERAL_NULL_CONVERSION = YES;
				CLANG_WARN_OBJC_IMPLICIT_RETAIN_SELF = YES;
				CLANG_WARN_OBJC_LITERAL_CONVERSION = YES;
				CLANG_WARN_OBJC_ROOT_CLASS = YES_ERROR;
				CLANG_WARN_QUOTED_INCLUDE_IN_FRAMEWORK_HEADER = YES;
				CLANG_WARN_RANGE_LOOP_ANALYSIS = YES;
				CLANG_WARN_STRICT_PROTOTYPES = YES;
				CLANG_WARN_SUSPICIOUS_MOVE = YES;
				CLANG_WARN_UNGUARDED_AVAILABILITY = YES_AGGRESSIVE;
				CLANG_WARN_UNREACHABLE_CODE = YES;
				CLANG_WARN__DUPLICATE_METHOD_MATCH = YES;
				COPY_PHASE_STRIP = NO;
				DEBUG_INFORMATION_FORMAT = dwarf;
				ENABLE_STRICT_OBJC_MSGSEND = YES;
				ENABLE_TESTABILITY = YES;
				ENABLE_USER_SCRIPT_SANDBOXING = YES;
				GCC_C_LANGUAGE_STANDARD = gnu17;
				GCC_DYNAMIC_NO_PIC = NO;
				GCC_NO_COMMON_BLOCKS = YES;
				GCC_OPTIMIZATION_LEVEL = 0;
				GCC_PREPROCESSOR_DEFINITIONS = (
					"DEBUG=1",
					"$(inherited)",
				);
				GCC_WARN_64_TO_32_BIT_CONVERSION = YES;
				GCC_WARN_ABOUT_RETURN_TYPE = YES_ERROR;
				GCC_WARN_UNDECLARED_SELECTOR = YES;
				GCC_WARN_UNINITIALIZED_AUTOS = YES_AGGRESSIVE;
				GCC_WARN_UNUSED_FUNCTION = YES;
				GCC_WARN_UNUSED_VARIABLE = YES;
				LOCALIZATION_PREFERS_STRING_CATALOGS = YES;
				MTL_ENABLE_DEBUG_INFO = INCLUDE_SOURCE;
				MTL_FAST_MATH = YES;
				ONLY_ACTIVE_ARCH = YES;
				SWIFT_ACTIVE_COMPILATION_CONDITIONS = "DEBUG $(inherited)";
				SWIFT_OPTIMIZATION_LEVEL = "-Onone";
			};
			name = Debug;
		};
		1818E8402B3EFE9500515A29 /* Release */ = {
			isa = XCBuildConfiguration;
			buildSettings = {
				ALWAYS_SEARCH_USER_PATHS = NO;
				ASSETCATALOG_COMPILER_GENERATE_SWIFT_ASSET_SYMBOL_EXTENSIONS = YES;
				CLANG_ANALYZER_NONNULL = YES;
				CLANG_ANALYZER_NUMBER_OBJECT_CONVERSION = YES_AGGRESSIVE;
				CLANG_CXX_LANGUAGE_STANDARD = "gnu++20";
				CLANG_ENABLE_MODULES = YES;
				CLANG_ENABLE_OBJC_ARC = YES;
				CLANG_ENABLE_OBJC_WEAK = YES;
				CLANG_WARN_BLOCK_CAPTURE_AUTORELEASING = YES;
				CLANG_WARN_BOOL_CONVERSION = YES;
				CLANG_WARN_COMMA = YES;
				CLANG_WARN_CONSTANT_CONVERSION = YES;
				CLANG_WARN_DEPRECATED_OBJC_IMPLEMENTATIONS = YES;
				CLANG_WARN_DIRECT_OBJC_ISA_USAGE = YES_ERROR;
				CLANG_WARN_DOCUMENTATION_COMMENTS = YES;
				CLANG_WARN_EMPTY_BODY = YES;
				CLANG_WARN_ENUM_CONVERSION = YES;
				CLANG_WARN_INFINITE_RECURSION = YES;
				CLANG_WARN_INT_CONVERSION = YES;
				CLANG_WARN_NON_LITERAL_NULL_CONVERSION = YES;
				CLANG_WARN_OBJC_IMPLICIT_RETAIN_SELF = YES;
				CLANG_WARN_OBJC_LITERAL_CONVERSION = YES;
				CLANG_WARN_OBJC_ROOT_CLASS = YES_ERROR;
				CLANG_WARN_QUOTED_INCLUDE_IN_FRAMEWORK_HEADER = YES;
				CLANG_WARN_RANGE_LOOP_ANALYSIS = YES;
				CLANG_WARN_STRICT_PROTOTYPES = YES;
				CLANG_WARN_SUSPICIOUS_MOVE = YES;
				CLANG_WARN_UNGUARDED_AVAILABILITY = YES_AGGRESSIVE;
				CLANG_WARN_UNREACHABLE_CODE = YES;
				CLANG_WARN__DUPLICATE_METHOD_MATCH = YES;
				COPY_PHASE_STRIP = NO;
				DEBUG_INFORMATION_FORMAT = "dwarf-with-dsym";
				ENABLE_NS_ASSERTIONS = NO;
				ENABLE_STRICT_OBJC_MSGSEND = YES;
				ENABLE_USER_SCRIPT_SANDBOXING = YES;
				GCC_C_LANGUAGE_STANDARD = gnu17;
				GCC_NO_COMMON_BLOCKS = YES;
				GCC_WARN_64_TO_32_BIT_CONVERSION = YES;
				GCC_WARN_ABOUT_RETURN_TYPE = YES_ERROR;
				GCC_WARN_UNDECLARED_SELECTOR = YES;
				GCC_WARN_UNINITIALIZED_AUTOS = YES_AGGRESSIVE;
				GCC_WARN_UNUSED_FUNCTION = YES;
				GCC_WARN_UNUSED_VARIABLE = YES;
				LOCALIZATION_PREFERS_STRING_CATALOGS = YES;
				MTL_ENABLE_DEBUG_INFO = NO;
				MTL_FAST_MATH = YES;
				SWIFT_COMPILATION_MODE = wholemodule;
			};
			name = Release;
		};
		1818E8422B3EFE9500515A29 /* Debug */ = {
			isa = XCBuildConfiguration;
			buildSettings = {
				ASSETCATALOG_COMPILER_APPICON_NAME = AppIcon;
				ASSETCATALOG_COMPILER_GLOBAL_ACCENT_COLOR_NAME = AccentColor;
				CODE_SIGN_ENTITLEMENTS = todoapp/todoapp.entitlements;
				CODE_SIGN_STYLE = Automatic;
				CURRENT_PROJECT_VERSION = 1;
				DEVELOPMENT_ASSET_PATHS = "\"todoapp/Preview Content\"";
				ENABLE_PREVIEWS = YES;
				GENERATE_INFOPLIST_FILE = YES;
				"INFOPLIST_KEY_UIApplicationSceneManifest_Generation[sdk=iphoneos*]" = YES;
				"INFOPLIST_KEY_UIApplicationSceneManifest_Generation[sdk=iphonesimulator*]" = YES;
				"INFOPLIST_KEY_UIApplicationSupportsIndirectInputEvents[sdk=iphoneos*]" = YES;
				"INFOPLIST_KEY_UIApplicationSupportsIndirectInputEvents[sdk=iphonesimulator*]" = YES;
				"INFOPLIST_KEY_UILaunchScreen_Generation[sdk=iphoneos*]" = YES;
				"INFOPLIST_KEY_UILaunchScreen_Generation[sdk=iphonesimulator*]" = YES;
				"INFOPLIST_KEY_UIStatusBarStyle[sdk=iphoneos*]" = UIStatusBarStyleDefault;
				"INFOPLIST_KEY_UIStatusBarStyle[sdk=iphonesimulator*]" = UIStatusBarStyleDefault;
				INFOPLIST_KEY_UISupportedInterfaceOrientations_iPad = "UIInterfaceOrientationPortrait UIInterfaceOrientationPortraitUpsideDown UIInterfaceOrientationLandscapeLeft UIInterfaceOrientationLandscapeRight";
				INFOPLIST_KEY_UISupportedInterfaceOrientations_iPhone = "UIInterfaceOrientationPortrait UIInterfaceOrientationLandscapeLeft UIInterfaceOrientationLandscapeRight";
				IPHONEOS_DEPLOYMENT_TARGET = 17.0;
				LD_RUNPATH_SEARCH_PATHS = "@executable_path/Frameworks";
				"LD_RUNPATH_SEARCH_PATHS[sdk=macosx*]" = "@executable_path/../Frameworks";
				MACOSX_DEPLOYMENT_TARGET = 14.0;
				MARKETING_VERSION = 1.0;
				PRODUCT_BUNDLE_IDENTIFIER = com.exam.todoapp;
				PRODUCT_NAME = "$(TARGET_NAME)";
				SDKROOT = auto;
				SUPPORTED_PLATFORMS = "iphoneos iphonesimulator macosx";
				SWIFT_EMIT_LOC_STRINGS = YES;
				SWIFT_VERSION = 5.0;
				TARGETED_DEVICE_FAMILY = "1,2";
			};
			name = Debug;
		};
		1818E8432B3EFE9500515A29 /* Release */ = {
			isa = XCBuildConfiguration;
			buildSettings = {
				ASSETCATALOG_COMPILER_APPICON_NAME = AppIcon;
				ASSETCATALOG_COMPILER_GLOBAL_ACCENT_COLOR_NAME = AccentColor;
				CODE_SIGN_ENTITLEMENTS = todoapp/todoapp.entitlements;
				CODE_SIGN_STYLE = Automatic;
				CURRENT_PROJECT_VERSION = 1;
				DEVELOPMENT_ASSET_PATHS = "\"todoapp/Preview Content\"";
				ENABLE_PREVIEWS = YES;
				GENERATE_INFOPLIST_FILE = YES;
				"INFOPLIST_KEY_UIApplicationSceneManifest_Generation[sdk=iphoneos*]" = YES;
				"INFOPLIST_KEY_UIApplicationSceneManifest_Generation[sdk=iphonesimulator*]" = YES;
				"INFOPLIST_KEY_UIApplicationSupportsIndirectInputEvents[sdk=iphoneos*]" = YES;
				"INFOPLIST_KEY_UIApplicationSupportsIndirectInputEvents[sdk=iphonesimulator*]" = YES;
				"INFOPLIST_KEY_UILaunchScreen_Generation[sdk=iphoneos*]" = YES;
				"INFOPLIST_KEY_UILaunchScreen_Generation[sdk=iphonesimulator*]" = YES;
				"INFOPLIST_KEY_UIStatusBarStyle[sdk=iphoneos*]" = UIStatusBarStyleDefault;
				"INFOPLIST_KEY_UIStatusBarStyle[sdk=iphonesimulator*]" = UIStatusBarStyleDefault;
				INFOPLIST_KEY_UISupportedInterfaceOrientations_iPad = "UIInterfaceOrientationPortrait UIInterfaceOrientationPortraitUpsideDown UIInterfaceOrientationLandscapeLeft UIInterfaceOrientationLandscapeRight";
				INFOPLIST_KEY_UISupportedInterfaceOrientations_iPhone = "UIInterfaceOrientationPortrait UIInterfaceOrientationLandscapeLeft UIInterfaceOrientationLandscapeRight";
				IPHONEOS_DEPLOYMENT_TARGET = 17.0;
				LD_RUNPATH_SEARCH_PATHS = "@executable_path/Frameworks";
				"LD_RUNPATH_SEARCH_PATHS[sdk=macosx*]" = "@executable_path/../Frameworks";
				MACOSX_DEPLOYMENT_TARGET = 14.0;
				MARKETING_VERSION = 1.0;
				PRODUCT_BUNDLE_IDENTIFIER = com.exam.todoapp;
				PRODUCT_NAME = "$(TARGET_NAME)";
				SDKROOT = auto;
				SUPPORTED_PLATFORMS = "iphoneos iphonesimulator macosx";
				SWIFT_EMIT_LOC_STRINGS = YES;
				SWIFT_VERSION = 5.0;
				TARGETED_DEVICE_FAMILY = "1,2";
			};
			name = Release;
		};
		1818E8452B3EFE9500515A29 /* Debug */ = {
			isa = XCBuildConfiguration;
			buildSettings = {
				ALWAYS_EMBED_SWIFT_STANDARD_LIBRARIES = YES;
				BUNDLE_LOADER = "$(TEST_HOST)";
				CODE_SIGN_STYLE = Automatic;
				CURRENT_PROJECT_VERSION = 1;
				GENERATE_INFOPLIST_FILE = YES;
				IPHONEOS_DEPLOYMENT_TARGET = 17.0;
				MACOSX_DEPLOYMENT_TARGET = 14.0;
				MARKETING_VERSION = 1.0;
				PRODUCT_BUNDLE_IDENTIFIER = com.exam.todoappTests;
				PRODUCT_NAME = "$(TARGET_NAME)";
				SDKROOT = auto;
				SUPPORTED_PLATFORMS = "iphoneos iphonesimulator macosx";
				SWIFT_EMIT_LOC_STRINGS = NO;
				SWIFT_VERSION = 5.0;
				TARGETED_DEVICE_FAMILY = "1,2";
				TEST_HOST = "$(BUILT_PRODUCTS_DIR)/todoapp.app/$(BUNDLE_EXECUTABLE_FOLDER_PATH)/todoapp";
			};
			name = Debug;
		};
		1818E8462B3EFE9500515A29 /* Release */ = {
			isa = XCBuildConfiguration;
			buildSettings = {
				ALWAYS_EMBED_SWIFT_STANDARD_LIBRARIES = YES;
				BUNDLE_LOADER = "$(TEST_HOST)";
				CODE_SIGN_STYLE = Automatic;
				CURRENT_PROJECT_VERSION = 1;
				GENERATE_INFOPLIST_FILE = YES;
				IPHONEOS_DEPLOYMENT_TARGET = 17.0;
				MACOSX_DEPLOYMENT_TARGET = 14.0;
				MARKETING_VERSION = 1.0;
				PRODUCT_BUNDLE_IDENTIFIER = com.exam.todoappTests;
				PRODUCT_NAME = "$(TARGET_NAME)";
				SDKROOT = auto;
				SUPPORTED_PLATFORMS = "iphoneos iphonesimulator macosx";
				SWIFT_EMIT_LOC_STRINGS = NO;
				SWIFT_VERSION = 5.0;
				TARGETED_DEVICE_FAMILY = "1,2";
				TEST_HOST = "$(BUILT_PRODUCTS_DIR)/todoapp.app/$(BUNDLE_EXECUTABLE_FOLDER_PATH)/todoapp";
			};
			name = Release;
		};
		1818E8482B3EFE9500515A29 /* Debug */ = {
			isa = XCBuildConfiguration;
			buildSettings = {
				ALWAYS_EMBED_SWIFT_STANDARD_LIBRARIES = YES;
				CODE_SIGN_STYLE = Automatic;
				CURRENT_PROJECT_VERSION = 1;
				GENERATE_INFOPLIST_FILE = YES;
				IPHONEOS_DEPLOYMENT_TARGET = 17.0;
				MACOSX_DEPLOYMENT_TARGET = 14.0;
				MARKETING_VERSION = 1.0;
				PRODUCT_BUNDLE_IDENTIFIER = com.exam.todoappUITests;
				PRODUCT_NAME = "$(TARGET_NAME)";
				SDKROOT = auto;
				SUPPORTED_PLATFORMS = "iphoneos iphonesimulator macosx";
				SWIFT_EMIT_LOC_STRINGS = NO;
				SWIFT_VERSION = 5.0;
				TARGETED_DEVICE_FAMILY = "1,2";
				TEST_TARGET_NAME = todoapp;
			};
			name = Debug;
		};
		1818E8492B3EFE9500515A29 /* Release */ = {
			isa = XCBuildConfiguration;
			buildSettings = {
				ALWAYS_EMBED_SWIFT_STANDARD_LIBRARIES = YES;
				CODE_SIGN_STYLE = Automatic;
				CURRENT_PROJECT_VERSION = 1;
				GENERATE_INFOPLIST_FILE = YES;
				IPHONEOS_DEPLOYMENT_TARGET = 17.0;
				MACOSX_DEPLOYMENT_TARGET = 14.0;
				MARKETING_VERSION = 1.0;
				PRODUCT_BUNDLE_IDENTIFIER = com.exam.todoappUITests;
				PRODUCT_NAME = "$(TARGET_NAME)";
				SDKROOT = auto;
				SUPPORTED_PLATFORMS = "iphoneos iphonesimulator macosx";
				SWIFT_EMIT_LOC_STRINGS = NO;
				SWIFT_VERSION = 5.0;
				TARGETED_DEVICE_FAMILY = "1,2";
				TEST_TARGET_NAME = todoapp;
			};
			name = Release;
		};
/* End XCBuildConfiguration section */

/* Begin XCConfigurationList section */
		1818E8172B3EFE9400515A29 /* Build configuration list for PBXProject "todoapp" */ = {
			isa = XCConfigurationList;
			buildConfigurations = (
				1818E83F2B3EFE9500515A29 /* Debug */,
				1818E8402B3EFE9500515A29 /* Release */,
			);
			defaultConfigurationIsVisible = 0;
			defaultConfigurationName = Release;
		};
		1818E8412B3EFE9500515A29 /* Build configuration list for PBXNativeTarget "todoapp" */ = {
			isa = XCConfigurationList;
			buildConfigurations = (
				1818E8422B3EFE9500515A29 /* Debug */,
				1818E8432B3EFE9500515A29 /* Release */,
			);
			defaultConfigurationIsVisible = 0;
			defaultConfigurationName = Release;
		};
		1818E8442B3EFE9500515A29 /* Build configuration list for PBXNativeTarget "todoappTests" */ = {
			isa = XCConfigurationList;
			buildConfigurations = (
				1818E8452B3EFE9500515A29 /* Debug */,
				1818E8462B3EFE9500515A29 /* Release */,
			);
			defaultConfigurationIsVisible = 0;
			defaultConfigurationName = Release;
		};
		1818E8472B3EFE9500515A29 /* Build configuration list for PBXNativeTarget "todoappUITests" */ = {
			isa = XCConfigurationList;
			buildConfigurations = (
				1818E8482B3EFE9500515A29 /* Debug */,
				1818E8492B3EFE9500515A29 /* Release */,
			);
			defaultConfigurationIsVisible = 0;
			defaultConfigurationName = Release;
		};
/* End XCConfigurationList section */
	};
	rootObject = 1818E8142B3EFE9400515A29 /* Project object */;
}
